# THIS IS AN AUTOGENERATED FILE. DO NOT EDIT THIS FILE DIRECTLY.
# yarn lockfile v1


"@tenderly/actions@^0.2.0":
  version "0.2.94"
  resolved "https://registry.yarnpkg.com/@tenderly/actions/-/actions-0.2.94.tgz#949851672f233f25a3531bc986254eaffed630e8"
  integrity sha512-zuzEQtrRKa5UG8kvgRFr3hCG1J06Eg4BU7OGshmUBFBsBj+HxzglShTo98ba7vorKarseGeSHoUJR89BglV7+A==

typescript@^4.3.5:
  version "4.9.5"
  resolved "https://registry.yarnpkg.com/typescript/-/typescript-4.9.5.tgz#095979f9bcc0d09da324d58d03ce8f8374cbe65a"
  integrity sha512-1FXk9E2Hm+QzZQ7z+McJiHL4NW1F2EzMu9Nq9i3zAaGqibafqYwCVU6WyWAuyQRRzOlxou8xZSyXLEN8oKj24g==

zksync-ethers@^6.15.3:
  version "6.15.3"
  resolved "https://registry.yarnpkg.com/zksync-ethers/-/zksync-ethers-6.15.3.tgz#6d71713b15de1e7793a99111cddc5931bbdb1c97"
  integrity sha512-AAFf5HKlkGpLRSE1CB8gBIlswbnWBPHD2ex4bcFG8GJFr1iQuq+LbMrisDm17jNR4Msi1WkNgIartS7nXcOrTg==
